
Microsoft Visual Studio Solution File, Format Version 12.00
# Visual Studio 15
VisualStudioVersion = 15.0.26124.0
MinimumVisualStudioVersion = 15.0.26124.0
Project("{2150E333-8FDC-42A3-9474-1A3956D46DE8}") = "src", "src", "{B28E4E58-C146-43F1-88F2-A36AFBFCF62A}"
EndProject
Project("{FAE04EC0-301F-11D3-BF4B-00C04F79EFBC}") = "ids", "src\ids\ids.csproj", "{D32B8366-FC01-4D4D-B430-13E0D741DC90}"
EndProject
Project("{FAE04EC0-301F-11D3-BF4B-00C04F79EFBC}") = "pki", "src\pki\pki.csproj", "{23302A12-7665-4CD9-BCC4-5F49427E859C}"
EndProject
Global
	GlobalSection(SolutionConfigurationPlatforms) = preSolution
		Debug|Any CPU = Debug|Any CPU
		Debug|x64 = Debug|x64
		Debug|x86 = Debug|x86
		Release|Any CPU = Release|Any CPU
		Release|x64 = Release|x64
		Release|x86 = Release|x86
	EndGlobalSection
	GlobalSection(SolutionProperties) = preSolution
		HideSolutionNode = FALSE
	EndGlobalSection
	GlobalSection(ProjectConfigurationPlatforms) = postSolution
		{D32B8366-FC01-4D4D-B430-13E0D741DC90}.Debug|Any CPU.ActiveCfg = Debug|Any CPU
		{D32B8366-FC01-4D4D-B430-13E0D741DC90}.Debug|Any CPU.Build.0 = Debug|Any CPU
		{D32B8366-FC01-4D4D-B430-13E0D741DC90}.Debug|x64.ActiveCfg = Debug|Any CPU
		{D32B8366-FC01-4D4D-B430-13E0D741DC90}.Debug|x64.Build.0 = Debug|Any CPU
		{D32B8366-FC01-4D4D-B430-13E0D741DC90}.Debug|x86.ActiveCfg = Debug|Any CPU
		{D32B8366-FC01-4D4D-B430-13E0D741DC90}.Debug|x86.Build.0 = Debug|Any CPU
		{D32B8366-FC01-4D4D-B430-13E0D741DC90}.Release|Any CPU.ActiveCfg = Release|Any CPU
		{D32B8366-FC01-4D4D-B430-13E0D741DC90}.Release|Any CPU.Build.0 = Release|Any CPU
		{D32B8366-FC01-4D4D-B430-13E0D741DC90}.Release|x64.ActiveCfg = Release|Any CPU
		{D32B8366-FC01-4D4D-B430-13E0D741DC90}.Release|x64.Build.0 = Release|Any CPU
		{D32B8366-FC01-4D4D-B430-13E0D741DC90}.Release|x86.ActiveCfg = Release|Any CPU
		{D32B8366-FC01-4D4D-B430-13E0D741DC90}.Release|x86.Build.0 = Release|Any CPU
		{23302A12-7665-4CD9-BCC4-5F49427E859C}.Debug|Any CPU.ActiveCfg = Debug|Any CPU
		{23302A12-7665-4CD9-BCC4-5F49427E859C}.Debug|Any CPU.Build.0 = Debug|Any CPU
		{23302A12-7665-4CD9-BCC4-5F49427E859C}.Debug|x64.ActiveCfg = Debug|Any CPU
		{23302A12-7665-4CD9-BCC4-5F49427E859C}.Debug|x64.Build.0 = Debug|Any CPU
		{23302A12-7665-4CD9-BCC4-5F49427E859C}.Debug|x86.ActiveCfg = Debug|Any CPU
		{23302A12-7665-4CD9-BCC4-5F49427E859C}.Debug|x86.Build.0 = Debug|Any CPU
		{23302A12-7665-4CD9-BCC4-5F49427E859C}.Release|Any CPU.ActiveCfg = Release|Any CPU
		{23302A12-7665-4CD9-BCC4-5F49427E859C}.Release|Any CPU.Build.0 = Release|Any CPU
		{23302A12-7665-4CD9-BCC4-5F49427E859C}.Release|x64.ActiveCfg = Release|Any CPU
		{23302A12-7665-4CD9-BCC4-5F49427E859C}.Release|x64.Build.0 = Release|Any CPU
		{23302A12-7665-4CD9-BCC4-5F49427E859C}.Release|x86.ActiveCfg = Release|Any CPU
		{23302A12-7665-4CD9-BCC4-5F49427E859C}.Release|x86.Build.0 = Release|Any CPU
	EndGlobalSection
	GlobalSection(NestedProjects) = preSolution
		{D32B8366-FC01-4D4D-B430-13E0D741DC90} = {B28E4E58-C146-43F1-88F2-A36AFBFCF62A}
		{23302A12-7665-4CD9-BCC4-5F49427E859C} = {B28E4E58-C146-43F1-88F2-A36AFBFCF62A}
	EndGlobalSection
EndGlobal
