
Microsoft Visual Studio Solution File, Format Version 12.00
# Visual Studio 15
VisualStudioVersion = 15.0.26124.0
MinimumVisualStudioVersion = 15.0.26124.0
Project("{2150E333-8FDC-42A3-9474-1A3956D46DE8}") = "src", "src", "{B28E4E58-C146-43F1-88F2-A36AFBFCF62A}"
EndProject
Project("{FAE04EC0-301F-11D3-BF4B-00C04F79EFBC}") = "ids", "src\ids\ids.csproj", "{D32B8366-FC01-4D4D-B430-13E0D741DC90}"
EndProject
Project("{FAE04EC0-301F-11D3-BF4B-00C04F79EFBC}") = "pki", "src\pki\pki.csproj", "{23302A12-7665-4CD9-BCC4-5F49427E859C}"
EndProject
Project("{FAE04EC0-301F-11D3-BF4B-00C04F79EFBC}") = "ropwd", "src\ropwd\ropwd.csproj", "{4C5F6F25-BF5F-4B4A-B691-A7705C5933D6}"
EndProject
Project("{FAE04EC0-301F-11D3-BF4B-00C04F79EFBC}") = "testclient", "src\testclient\testclient.csproj", "{C08230BB-C779-4E88-A6A3-F0C6EE21C9D3}"
EndProject
Project("{FAE04EC0-301F-11D3-BF4B-00C04F79EFBC}") = "seed_users", "src\seed_users\seed_users.csproj", "{F1655B55-1CA0-478A-8B63-92FA2586C640}"
EndProject
Project("{F2A71F9B-5D33-465A-A702-920D77279786}") = "ids_loadtest", "src\ids_loadtest\ids_loadtest.fsproj", "{919DA5C3-2637-4F0B-9BE7-B28FADC60DB3}"
EndProject
Project("{FAE04EC0-301F-11D3-BF4B-00C04F79EFBC}") = "s2sha256", "src\clientSecret\s2sha256.csproj", "{D7FD6522-62D1-452E-8B23-A9C006C1DEF2}"
EndProject
Global
	GlobalSection(SolutionConfigurationPlatforms) = preSolution
		Debug|Any CPU = Debug|Any CPU
		Debug|x64 = Debug|x64
		Debug|x86 = Debug|x86
		Release|Any CPU = Release|Any CPU
		Release|x64 = Release|x64
		Release|x86 = Release|x86
	EndGlobalSection
	GlobalSection(SolutionProperties) = preSolution
		HideSolutionNode = FALSE
	EndGlobalSection
	GlobalSection(ProjectConfigurationPlatforms) = postSolution
		{D32B8366-FC01-4D4D-B430-13E0D741DC90}.Debug|Any CPU.ActiveCfg = Debug|Any CPU
		{D32B8366-FC01-4D4D-B430-13E0D741DC90}.Debug|Any CPU.Build.0 = Debug|Any CPU
		{D32B8366-FC01-4D4D-B430-13E0D741DC90}.Debug|x64.ActiveCfg = Debug|Any CPU
		{D32B8366-FC01-4D4D-B430-13E0D741DC90}.Debug|x64.Build.0 = Debug|Any CPU
		{D32B8366-FC01-4D4D-B430-13E0D741DC90}.Debug|x86.ActiveCfg = Debug|Any CPU
		{D32B8366-FC01-4D4D-B430-13E0D741DC90}.Debug|x86.Build.0 = Debug|Any CPU
		{D32B8366-FC01-4D4D-B430-13E0D741DC90}.Release|Any CPU.ActiveCfg = Release|Any CPU
		{D32B8366-FC01-4D4D-B430-13E0D741DC90}.Release|Any CPU.Build.0 = Release|Any CPU
		{D32B8366-FC01-4D4D-B430-13E0D741DC90}.Release|x64.ActiveCfg = Release|Any CPU
		{D32B8366-FC01-4D4D-B430-13E0D741DC90}.Release|x64.Build.0 = Release|Any CPU
		{D32B8366-FC01-4D4D-B430-13E0D741DC90}.Release|x86.ActiveCfg = Release|Any CPU
		{D32B8366-FC01-4D4D-B430-13E0D741DC90}.Release|x86.Build.0 = Release|Any CPU
		{23302A12-7665-4CD9-BCC4-5F49427E859C}.Debug|Any CPU.ActiveCfg = Debug|Any CPU
		{23302A12-7665-4CD9-BCC4-5F49427E859C}.Debug|Any CPU.Build.0 = Debug|Any CPU
		{23302A12-7665-4CD9-BCC4-5F49427E859C}.Debug|x64.ActiveCfg = Debug|Any CPU
		{23302A12-7665-4CD9-BCC4-5F49427E859C}.Debug|x64.Build.0 = Debug|Any CPU
		{23302A12-7665-4CD9-BCC4-5F49427E859C}.Debug|x86.ActiveCfg = Debug|Any CPU
		{23302A12-7665-4CD9-BCC4-5F49427E859C}.Debug|x86.Build.0 = Debug|Any CPU
		{23302A12-7665-4CD9-BCC4-5F49427E859C}.Release|Any CPU.ActiveCfg = Release|Any CPU
		{23302A12-7665-4CD9-BCC4-5F49427E859C}.Release|Any CPU.Build.0 = Release|Any CPU
		{23302A12-7665-4CD9-BCC4-5F49427E859C}.Release|x64.ActiveCfg = Release|Any CPU
		{23302A12-7665-4CD9-BCC4-5F49427E859C}.Release|x64.Build.0 = Release|Any CPU
		{23302A12-7665-4CD9-BCC4-5F49427E859C}.Release|x86.ActiveCfg = Release|Any CPU
		{23302A12-7665-4CD9-BCC4-5F49427E859C}.Release|x86.Build.0 = Release|Any CPU
		{4C5F6F25-BF5F-4B4A-B691-A7705C5933D6}.Debug|Any CPU.ActiveCfg = Debug|Any CPU
		{4C5F6F25-BF5F-4B4A-B691-A7705C5933D6}.Debug|Any CPU.Build.0 = Debug|Any CPU
		{4C5F6F25-BF5F-4B4A-B691-A7705C5933D6}.Debug|x64.ActiveCfg = Debug|Any CPU
		{4C5F6F25-BF5F-4B4A-B691-A7705C5933D6}.Debug|x64.Build.0 = Debug|Any CPU
		{4C5F6F25-BF5F-4B4A-B691-A7705C5933D6}.Debug|x86.ActiveCfg = Debug|Any CPU
		{4C5F6F25-BF5F-4B4A-B691-A7705C5933D6}.Debug|x86.Build.0 = Debug|Any CPU
		{4C5F6F25-BF5F-4B4A-B691-A7705C5933D6}.Release|Any CPU.ActiveCfg = Release|Any CPU
		{4C5F6F25-BF5F-4B4A-B691-A7705C5933D6}.Release|Any CPU.Build.0 = Release|Any CPU
		{4C5F6F25-BF5F-4B4A-B691-A7705C5933D6}.Release|x64.ActiveCfg = Release|Any CPU
		{4C5F6F25-BF5F-4B4A-B691-A7705C5933D6}.Release|x64.Build.0 = Release|Any CPU
		{4C5F6F25-BF5F-4B4A-B691-A7705C5933D6}.Release|x86.ActiveCfg = Release|Any CPU
		{4C5F6F25-BF5F-4B4A-B691-A7705C5933D6}.Release|x86.Build.0 = Release|Any CPU
		{C08230BB-C779-4E88-A6A3-F0C6EE21C9D3}.Debug|Any CPU.ActiveCfg = Debug|Any CPU
		{C08230BB-C779-4E88-A6A3-F0C6EE21C9D3}.Debug|Any CPU.Build.0 = Debug|Any CPU
		{C08230BB-C779-4E88-A6A3-F0C6EE21C9D3}.Debug|x64.ActiveCfg = Debug|Any CPU
		{C08230BB-C779-4E88-A6A3-F0C6EE21C9D3}.Debug|x64.Build.0 = Debug|Any CPU
		{C08230BB-C779-4E88-A6A3-F0C6EE21C9D3}.Debug|x86.ActiveCfg = Debug|Any CPU
		{C08230BB-C779-4E88-A6A3-F0C6EE21C9D3}.Debug|x86.Build.0 = Debug|Any CPU
		{C08230BB-C779-4E88-A6A3-F0C6EE21C9D3}.Release|Any CPU.ActiveCfg = Release|Any CPU
		{C08230BB-C779-4E88-A6A3-F0C6EE21C9D3}.Release|Any CPU.Build.0 = Release|Any CPU
		{C08230BB-C779-4E88-A6A3-F0C6EE21C9D3}.Release|x64.ActiveCfg = Release|Any CPU
		{C08230BB-C779-4E88-A6A3-F0C6EE21C9D3}.Release|x64.Build.0 = Release|Any CPU
		{C08230BB-C779-4E88-A6A3-F0C6EE21C9D3}.Release|x86.ActiveCfg = Release|Any CPU
		{C08230BB-C779-4E88-A6A3-F0C6EE21C9D3}.Release|x86.Build.0 = Release|Any CPU
		{F1655B55-1CA0-478A-8B63-92FA2586C640}.Debug|Any CPU.ActiveCfg = Debug|Any CPU
		{F1655B55-1CA0-478A-8B63-92FA2586C640}.Debug|Any CPU.Build.0 = Debug|Any CPU
		{F1655B55-1CA0-478A-8B63-92FA2586C640}.Debug|x64.ActiveCfg = Debug|Any CPU
		{F1655B55-1CA0-478A-8B63-92FA2586C640}.Debug|x64.Build.0 = Debug|Any CPU
		{F1655B55-1CA0-478A-8B63-92FA2586C640}.Debug|x86.ActiveCfg = Debug|Any CPU
		{F1655B55-1CA0-478A-8B63-92FA2586C640}.Debug|x86.Build.0 = Debug|Any CPU
		{F1655B55-1CA0-478A-8B63-92FA2586C640}.Release|Any CPU.ActiveCfg = Release|Any CPU
		{F1655B55-1CA0-478A-8B63-92FA2586C640}.Release|Any CPU.Build.0 = Release|Any CPU
		{F1655B55-1CA0-478A-8B63-92FA2586C640}.Release|x64.ActiveCfg = Release|Any CPU
		{F1655B55-1CA0-478A-8B63-92FA2586C640}.Release|x64.Build.0 = Release|Any CPU
		{F1655B55-1CA0-478A-8B63-92FA2586C640}.Release|x86.ActiveCfg = Release|Any CPU
		{F1655B55-1CA0-478A-8B63-92FA2586C640}.Release|x86.Build.0 = Release|Any CPU
		{919DA5C3-2637-4F0B-9BE7-B28FADC60DB3}.Debug|Any CPU.ActiveCfg = Debug|Any CPU
		{919DA5C3-2637-4F0B-9BE7-B28FADC60DB3}.Debug|Any CPU.Build.0 = Debug|Any CPU
		{919DA5C3-2637-4F0B-9BE7-B28FADC60DB3}.Debug|x64.ActiveCfg = Debug|Any CPU
		{919DA5C3-2637-4F0B-9BE7-B28FADC60DB3}.Debug|x64.Build.0 = Debug|Any CPU
		{919DA5C3-2637-4F0B-9BE7-B28FADC60DB3}.Debug|x86.ActiveCfg = Debug|Any CPU
		{919DA5C3-2637-4F0B-9BE7-B28FADC60DB3}.Debug|x86.Build.0 = Debug|Any CPU
		{919DA5C3-2637-4F0B-9BE7-B28FADC60DB3}.Release|Any CPU.ActiveCfg = Release|Any CPU
		{919DA5C3-2637-4F0B-9BE7-B28FADC60DB3}.Release|Any CPU.Build.0 = Release|Any CPU
		{919DA5C3-2637-4F0B-9BE7-B28FADC60DB3}.Release|x64.ActiveCfg = Release|Any CPU
		{919DA5C3-2637-4F0B-9BE7-B28FADC60DB3}.Release|x64.Build.0 = Release|Any CPU
		{919DA5C3-2637-4F0B-9BE7-B28FADC60DB3}.Release|x86.ActiveCfg = Release|Any CPU
		{919DA5C3-2637-4F0B-9BE7-B28FADC60DB3}.Release|x86.Build.0 = Release|Any CPU
		{D7FD6522-62D1-452E-8B23-A9C006C1DEF2}.Debug|Any CPU.ActiveCfg = Debug|Any CPU
		{D7FD6522-62D1-452E-8B23-A9C006C1DEF2}.Debug|Any CPU.Build.0 = Debug|Any CPU
		{D7FD6522-62D1-452E-8B23-A9C006C1DEF2}.Debug|x64.ActiveCfg = Debug|Any CPU
		{D7FD6522-62D1-452E-8B23-A9C006C1DEF2}.Debug|x64.Build.0 = Debug|Any CPU
		{D7FD6522-62D1-452E-8B23-A9C006C1DEF2}.Debug|x86.ActiveCfg = Debug|Any CPU
		{D7FD6522-62D1-452E-8B23-A9C006C1DEF2}.Debug|x86.Build.0 = Debug|Any CPU
		{D7FD6522-62D1-452E-8B23-A9C006C1DEF2}.Release|Any CPU.ActiveCfg = Release|Any CPU
		{D7FD6522-62D1-452E-8B23-A9C006C1DEF2}.Release|Any CPU.Build.0 = Release|Any CPU
		{D7FD6522-62D1-452E-8B23-A9C006C1DEF2}.Release|x64.ActiveCfg = Release|Any CPU
		{D7FD6522-62D1-452E-8B23-A9C006C1DEF2}.Release|x64.Build.0 = Release|Any CPU
		{D7FD6522-62D1-452E-8B23-A9C006C1DEF2}.Release|x86.ActiveCfg = Release|Any CPU
		{D7FD6522-62D1-452E-8B23-A9C006C1DEF2}.Release|x86.Build.0 = Release|Any CPU
	EndGlobalSection
	GlobalSection(NestedProjects) = preSolution
		{D32B8366-FC01-4D4D-B430-13E0D741DC90} = {B28E4E58-C146-43F1-88F2-A36AFBFCF62A}
		{23302A12-7665-4CD9-BCC4-5F49427E859C} = {B28E4E58-C146-43F1-88F2-A36AFBFCF62A}
		{4C5F6F25-BF5F-4B4A-B691-A7705C5933D6} = {B28E4E58-C146-43F1-88F2-A36AFBFCF62A}
		{C08230BB-C779-4E88-A6A3-F0C6EE21C9D3} = {B28E4E58-C146-43F1-88F2-A36AFBFCF62A}
		{F1655B55-1CA0-478A-8B63-92FA2586C640} = {B28E4E58-C146-43F1-88F2-A36AFBFCF62A}
		{919DA5C3-2637-4F0B-9BE7-B28FADC60DB3} = {B28E4E58-C146-43F1-88F2-A36AFBFCF62A}
		{D7FD6522-62D1-452E-8B23-A9C006C1DEF2} = {B28E4E58-C146-43F1-88F2-A36AFBFCF62A}
	EndGlobalSection
EndGlobal
